// !$*UTF8*$!
{
	archiveVersion = 1;
	classes = {
	};
	objectVersion = 50;
	objects = {

/* Begin PBXBuildFile section */
		522C014F96BA6D47E0F5B33C /* Pods_Todoey.framework in Frameworks */ = {isa = PBXBuildFile; fileRef = FBE85F5F858477E05CE756E4 /* Pods_Todoey.framework */; };
		57BCEEBE2305838800E6BF8D /* AppDelegate.swift in Sources */ = {isa = PBXBuildFile; fileRef = 57BCEEBD2305838800E6BF8D /* AppDelegate.swift */; };
		57BCEEC02305838800E6BF8D /* TodoListViewController.swift in Sources */ = {isa = PBXBuildFile; fileRef = 57BCEEBF2305838800E6BF8D /* TodoListViewController.swift */; };
		57BCEEC32305838800E6BF8D /* Main.storyboard in Resources */ = {isa = PBXBuildFile; fileRef = 57BCEEC12305838800E6BF8D /* Main.storyboard */; };
		57BCEEC52305838A00E6BF8D /* Assets.xcassets in Resources */ = {isa = PBXBuildFile; fileRef = 57BCEEC42305838A00E6BF8D /* Assets.xcassets */; };
		57BCEEC82305838A00E6BF8D /* LaunchScreen.storyboard in Resources */ = {isa = PBXBuildFile; fileRef = 57BCEEC62305838A00E6BF8D /* LaunchScreen.storyboard */; };
		57BCEEF82308A4DF00E6BF8D /* DataModel.xcdatamodeld in Sources */ = {isa = PBXBuildFile; fileRef = 57BCEEF62308A4DF00E6BF8D /* DataModel.xcdatamodeld */; };
		57EF06422309B8AD004A79F9 /* CategoryViewController.swift in Sources */ = {isa = PBXBuildFile; fileRef = 57EF06412309B8AD004A79F9 /* CategoryViewController.swift */; };
/* End PBXBuildFile section */

/* Begin PBXFileReference section */
		57BCEEBA2305838800E6BF8D /* Todoey.app */ = {isa = PBXFileReference; explicitFileType = wrapper.application; includeInIndex = 0; path = Todoey.app; sourceTree = BUILT_PRODUCTS_DIR; };
		57BCEEBD2305838800E6BF8D /* AppDelegate.swift */ = {isa = PBXFileReference; lastKnownFileType = sourcecode.swift; path = AppDelegate.swift; sourceTree = "<group>"; };
		57BCEEBF2305838800E6BF8D /* TodoListViewController.swift */ = {isa = PBXFileReference; lastKnownFileType = sourcecode.swift; path = TodoListViewController.swift; sourceTree = "<group>"; };
		57BCEEC22305838800E6BF8D /* Base */ = {isa = PBXFileReference; lastKnownFileType = file.storyboard; name = Base; path = Base.lproj/Main.storyboard; sourceTree = "<group>"; };
		57BCEEC42305838A00E6BF8D /* Assets.xcassets */ = {isa = PBXFileReference; lastKnownFileType = folder.assetcatalog; path = Assets.xcassets; sourceTree = "<group>"; };
		57BCEEC72305838A00E6BF8D /* Base */ = {isa = PBXFileReference; lastKnownFileType = file.storyboard; name = Base; path = Base.lproj/LaunchScreen.storyboard; sourceTree = "<group>"; };
		57BCEEC92305838A00E6BF8D /* Info.plist */ = {isa = PBXFileReference; lastKnownFileType = text.plist.xml; path = Info.plist; sourceTree = "<group>"; };
		57BCEEF72308A4DF00E6BF8D /* DataModel.xcdatamodel */ = {isa = PBXFileReference; lastKnownFileType = wrapper.xcdatamodel; path = DataModel.xcdatamodel; sourceTree = "<group>"; };
		57EF06412309B8AD004A79F9 /* CategoryViewController.swift */ = {isa = PBXFileReference; lastKnownFileType = sourcecode.swift; path = CategoryViewController.swift; sourceTree = "<group>"; };
		92089B4123A8AF1629DE8107 /* Pods-Todoey.release.xcconfig */ = {isa = PBXFileReference; includeInIndex = 1; lastKnownFileType = text.xcconfig; name = "Pods-Todoey.release.xcconfig"; path = "Target Support Files/Pods-Todoey/Pods-Todoey.release.xcconfig"; sourceTree = "<group>"; };
		E418070991D8517F870CBC3E /* Pods-Todoey.debug.xcconfig */ = {isa = PBXFileReference; includeInIndex = 1; lastKnownFileType = text.xcconfig; name = "Pods-Todoey.debug.xcconfig"; path = "Target Support Files/Pods-Todoey/Pods-Todoey.debug.xcconfig"; sourceTree = "<group>"; };
		FBE85F5F858477E05CE756E4 /* Pods_Todoey.framework */ = {isa = PBXFileReference; explicitFileType = wrapper.framework; includeInIndex = 0; path = Pods_Todoey.framework; sourceTree = BUILT_PRODUCTS_DIR; };
/* End PBXFileReference section */

/* Begin PBXFrameworksBuildPhase section */
		57BCEEB72305838800E6BF8D /* Frameworks */ = {
			isa = PBXFrameworksBuildPhase;
			buildActionMask = 2147483647;
			files = (
				522C014F96BA6D47E0F5B33C /* Pods_Todoey.framework in Frameworks */,
			);
			runOnlyForDeploymentPostprocessing = 0;
		};
/* End PBXFrameworksBuildPhase section */

/* Begin PBXGroup section */
		0592B467D16D9FC6FF8A72EE /* Frameworks */ = {
			isa = PBXGroup;
			children = (
				FBE85F5F858477E05CE756E4 /* Pods_Todoey.framework */,
			);
			name = Frameworks;
			sourceTree = "<group>";
		};
		57BCEEB12305838800E6BF8D = {
			isa = PBXGroup;
			children = (
				57BCEEBC2305838800E6BF8D /* Todoey */,
				57BCEEBB2305838800E6BF8D /* Products */,
				F0669AE71285B23C61ACEC50 /* Pods */,
				0592B467D16D9FC6FF8A72EE /* Frameworks */,
			);
			sourceTree = "<group>";
		};
		57BCEEBB2305838800E6BF8D /* Products */ = {
			isa = PBXGroup;
			children = (
				57BCEEBA2305838800E6BF8D /* Todoey.app */,
			);
			name = Products;
			sourceTree = "<group>";
		};
		57BCEEBC2305838800E6BF8D /* Todoey */ = {
			isa = PBXGroup;
			children = (
				57BCEEBD2305838800E6BF8D /* AppDelegate.swift */,
				57BCEED22306081B00E6BF8D /* Controllers */,
				57BCEED1230607E600E6BF8D /* Data Model */,
				57BCEED32306087200E6BF8D /* Views */,
				57BCEED42306089500E6BF8D /* Supporting Files */,
				57BCEEC92305838A00E6BF8D /* Info.plist */,
			);
			path = Todoey;
			sourceTree = "<group>";
		};
		57BCEED1230607E600E6BF8D /* Data Model */ = {
			isa = PBXGroup;
			children = (
				57BCEEF62308A4DF00E6BF8D /* DataModel.xcdatamodeld */,
			);
			path = "Data Model";
			sourceTree = "<group>";
		};
		57BCEED22306081B00E6BF8D /* Controllers */ = {
			isa = PBXGroup;
			children = (
				57EF06412309B8AD004A79F9 /* CategoryViewController.swift */,
				57BCEEBF2305838800E6BF8D /* TodoListViewController.swift */,
			);
			path = Controllers;
			sourceTree = "<group>";
		};
		57BCEED32306087200E6BF8D /* Views */ = {
			isa = PBXGroup;
			children = (
				57BCEEC12305838800E6BF8D /* Main.storyboard */,
			);
			path = Views;
			sourceTree = "<group>";
		};
		57BCEED42306089500E6BF8D /* Supporting Files */ = {
			isa = PBXGroup;
			children = (
				57BCEEC42305838A00E6BF8D /* Assets.xcassets */,
				57BCEEC62305838A00E6BF8D /* LaunchScreen.storyboard */,
			);
			path = "Supporting Files";
			sourceTree = "<group>";
		};
		F0669AE71285B23C61ACEC50 /* Pods */ = {
			isa = PBXGroup;
			children = (
				E418070991D8517F870CBC3E /* Pods-Todoey.debug.xcconfig */,
				92089B4123A8AF1629DE8107 /* Pods-Todoey.release.xcconfig */,
			);
			name = Pods;
			path = Pods;
			sourceTree = "<group>";
		};
/* End PBXGroup section */

/* Begin PBXNativeTarget section */
		57BCEEB92305838800E6BF8D /* Todoey */ = {
			isa = PBXNativeTarget;
			buildConfigurationList = 57BCEECC2305838A00E6BF8D /* Build configuration list for PBXNativeTarget "Todoey" */;
			buildPhases = (
				F45E684FC20B8E576A629F06 /* [CP] Check Pods Manifest.lock */,
				57BCEEB62305838800E6BF8D /* Sources */,
				57BCEEB72305838800E6BF8D /* Frameworks */,
				57BCEEB82305838800E6BF8D /* Resources */,
				AF4FEA0A5EDE7F0C85C75995 /* [CP] Embed Pods Frameworks */,
			);
			buildRules = (
			);
			dependencies = (
			);
			name = Todoey;
			productName = Todoey;
			productReference = 57BCEEBA2305838800E6BF8D /* Todoey.app */;
			productType = "com.apple.product-type.application";
		};
/* End PBXNativeTarget section */

/* Begin PBXProject section */
		57BCEEB22305838800E6BF8D /* Project object */ = {
			isa = PBXProject;
			attributes = {
				LastSwiftUpdateCheck = 1030;
				LastUpgradeCheck = 1030;
				ORGANIZATIONNAME = "Taisiya V";
				TargetAttributes = {
					57BCEEB92305838800E6BF8D = {
						CreatedOnToolsVersion = 10.3;
					};
				};
			};
			buildConfigurationList = 57BCEEB52305838800E6BF8D /* Build configuration list for PBXProject "Todoey" */;
			compatibilityVersion = "Xcode 9.3";
			developmentRegion = en;
			hasScannedForEncodings = 0;
			knownRegions = (
				en,
				Base,
			);
			mainGroup = 57BCEEB12305838800E6BF8D;
			productRefGroup = 57BCEEBB2305838800E6BF8D /* Products */;
			projectDirPath = "";
			projectRoot = "";
			targets = (
				57BCEEB92305838800E6BF8D /* Todoey */,
			);
		};
/* End PBXProject section */

/* Begin PBXResourcesBuildPhase section */
		57BCEEB82305838800E6BF8D /* Resources */ = {
			isa = PBXResourcesBuildPhase;
			buildActionMask = 2147483647;
			files = (
				57BCEEC82305838A00E6BF8D /* LaunchScreen.storyboard in Resources */,
				57BCEEC52305838A00E6BF8D /* Assets.xcassets in Resources */,
				57BCEEC32305838800E6BF8D /* Main.storyboard in Resources */,
			);
			runOnlyForDeploymentPostprocessing = 0;
		};
/* End PBXResourcesBuildPhase section */

/* Begin PBXShellScriptBuildPhase section */
		AF4FEA0A5EDE7F0C85C75995 /* [CP] Embed Pods Frameworks */ = {
			isa = PBXShellScriptBuildPhase;
			buildActionMask = 2147483647;
			files = (
			);
			inputFileListPaths = (
				"${PODS_ROOT}/Target Support Files/Pods-Todoey/Pods-Todoey-frameworks-${CONFIGURATION}-input-files.xcfilelist",
			);
			name = "[CP] Embed Pods Frameworks";
			outputFileListPaths = (
				"${PODS_ROOT}/Target Support Files/Pods-Todoey/Pods-Todoey-frameworks-${CONFIGURATION}-output-files.xcfilelist",
			);
			runOnlyForDeploymentPostprocessing = 0;
			shellPath = /bin/sh;
			shellScript = "\"${PODS_ROOT}/Target Support Files/Pods-Todoey/Pods-Todoey-frameworks.sh\"\n";
			showEnvVarsInLog = 0;
		};
		F45E684FC20B8E576A629F06 /* [CP] Check Pods Manifest.lock */ = {
			isa = PBXShellScriptBuildPhase;
			buildActionMask = 2147483647;
			files = (
			);
			inputFileListPaths = (
			);
			inputPaths = (
				"${PODS_PODFILE_DIR_PATH}/Podfile.lock",
				"${PODS_ROOT}/Manifest.lock",
			);
			name = "[CP] Check Pods Manifest.lock";
			outputFileListPaths = (
			);
			outputPaths = (
				"$(DERIVED_FILE_DIR)/Pods-Todoey-checkManifestLockResult.txt",
			);
			runOnlyForDeploymentPostprocessing = 0;
			shellPath = /bin/sh;
			shellScript = "diff \"${PODS_PODFILE_DIR_PATH}/Podfile.lock\" \"${PODS_ROOT}/Manifest.lock\" > /dev/null\nif [ $? != 0 ] ; then\n    # print error to STDERR\n    echo \"error: The sandbox is not in sync with the Podfile.lock. Run 'pod install' or update your CocoaPods installation.\" >&2\n    exit 1\nfi\n# This output is used by Xcode 'outputs' to avoid re-running this script phase.\necho \"SUCCESS\" > \"${SCRIPT_OUTPUT_FILE_0}\"\n";
			showEnvVarsInLog = 0;
		};
/* End PBXShellScriptBuildPhase section */

/* Begin PBXSourcesBuildPhase section */
		57BCEEB62305838800E6BF8D /* Sources */ = {
			isa = PBXSourcesBuildPhase;
			buildActionMask = 2147483647;
			files = (
				57EF06422309B8AD004A79F9 /* CategoryViewController.swift in Sources */,
				57BCEEC02305838800E6BF8D /* TodoListViewController.swift in Sources */,
				57BCEEF82308A4DF00E6BF8D /* DataModel.xcdatamodeld in Sources */,
				57BCEEBE2305838800E6BF8D /* AppDelegate.swift in Sources */,
			);
			runOnlyForDeploymentPostprocessing = 0;
		};
/* End PBXSourcesBuildPhase section */

/* Begin PBXVariantGroup section */
		57BCEEC12305838800E6BF8D /* Main.storyboard */ = {
			isa = PBXVariantGroup;
			children = (
				57BCEEC22305838800E6BF8D /* Base */,
			);
			name = Main.storyboard;
			sourceTree = "<group>";
		};
		57BCEEC62305838A00E6BF8D /* LaunchScreen.storyboard */ = {
			isa = PBXVariantGroup;
			children = (
				57BCEEC72305838A00E6BF8D /* Base */,
			);
			name = LaunchScreen.storyboard;
			sourceTree = "<group>";
		};
/* End PBXVariantGroup section */

/* Begin XCBuildConfiguration section */
		57BCEECA2305838A00E6BF8D /* Debug */ = {
			isa = XCBuildConfiguration;
			buildSettings = {
				ALWAYS_SEARCH_USER_PATHS = NO;
				CLANG_ANALYZER_NONNULL = YES;
				CLANG_ANALYZER_NUMBER_OBJECT_CONVERSION = YES_AGGRESSIVE;
				CLANG_CXX_LANGUAGE_STANDARD = "gnu++14";
				CLANG_CXX_LIBRARY = "libc++";
				CLANG_ENABLE_MODULES = YES;
				CLANG_ENABLE_OBJC_ARC = YES;
				CLANG_ENABLE_OBJC_WEAK = YES;
				CLANG_WARN_BLOCK_CAPTURE_AUTORELEASING = YES;
				CLANG_WARN_BOOL_CONVERSION = YES;
				CLANG_WARN_COMMA = YES;
				CLANG_WARN_CONSTANT_CONVERSION = YES;
				CLANG_WARN_DEPRECATED_OBJC_IMPLEMENTATIONS = YES;
				CLANG_WARN_DIRECT_OBJC_ISA_USAGE = YES_ERROR;
				CLANG_WARN_DOCUMENTATION_COMMENTS = YES;
				CLANG_WARN_EMPTY_BODY = YES;
				CLANG_WARN_ENUM_CONVERSION = YES;
				CLANG_WARN_INFINITE_RECURSION = YES;
				CLANG_WARN_INT_CONVERSION = YES;
				CLANG_WARN_NON_LITERAL_NULL_CONVERSION = YES;
				CLANG_WARN_OBJC_IMPLICIT_RETAIN_SELF = YES;
				CLANG_WARN_OBJC_LITERAL_CONVERSION = YES;
				CLANG_WARN_OBJC_ROOT_CLASS = YES_ERROR;
				CLANG_WARN_RANGE_LOOP_ANALYSIS = YES;
				CLANG_WARN_STRICT_PROTOTYPES = YES;
				CLANG_WARN_SUSPICIOUS_MOVE = YES;
				CLANG_WARN_UNGUARDED_AVAILABILITY = YES_AGGRESSIVE;
				CLANG_WARN_UNREACHABLE_CODE = YES;
				CLANG_WARN__DUPLICATE_METHOD_MATCH = YES;
				CODE_SIGN_IDENTITY = "iPhone Developer";
				COPY_PHASE_STRIP = NO;
				DEBUG_INFORMATION_FORMAT = dwarf;
				ENABLE_STRICT_OBJC_MSGSEND = YES;
				ENABLE_TESTABILITY = YES;
				GCC_C_LANGUAGE_STANDARD = gnu11;
				GCC_DYNAMIC_NO_PIC = NO;
				GCC_NO_COMMON_BLOCKS = YES;
				GCC_OPTIMIZATION_LEVEL = 0;
				GCC_PREPROCESSOR_DEFINITIONS = (
					"DEBUG=1",
					"$(inherited)",
				);
				GCC_WARN_64_TO_32_BIT_CONVERSION = YES;
				GCC_WARN_ABOUT_RETURN_TYPE = YES_ERROR;
				GCC_WARN_UNDECLARED_SELECTOR = YES;
				GCC_WARN_UNINITIALIZED_AUTOS = YES_AGGRESSIVE;
				GCC_WARN_UNUSED_FUNCTION = YES;
				GCC_WARN_UNUSED_VARIABLE = YES;
				IPHONEOS_DEPLOYMENT_TARGET = 12.4;
				MTL_ENABLE_DEBUG_INFO = INCLUDE_SOURCE;
				MTL_FAST_MATH = YES;
				ONLY_ACTIVE_ARCH = YES;
				SDKROOT = iphoneos;
				SWIFT_ACTIVE_COMPILATION_CONDITIONS = DEBUG;
				SWIFT_OPTIMIZATION_LEVEL = "-Onone";
			};
			name = Debug;
		};
		57BCEECB2305838A00E6BF8D /* Release */ = {
			isa = XCBuildConfiguration;
			buildSettings = {
				ALWAYS_SEARCH_USER_PATHS = NO;
				CLANG_ANALYZER_NONNULL = YES;
				CLANG_ANALYZER_NUMBER_OBJECT_CONVERSION = YES_AGGRESSIVE;
				CLANG_CXX_LANGUAGE_STANDARD = "gnu++14";
				CLANG_CXX_LIBRARY = "libc++";
				CLANG_ENABLE_MODULES = YES;
				CLANG_ENABLE_OBJC_ARC = YES;
				CLANG_ENABLE_OBJC_WEAK = YES;
				CLANG_WARN_BLOCK_CAPTURE_AUTORELEASING = YES;
				CLANG_WARN_BOOL_CONVERSION = YES;
				CLANG_WARN_COMMA = YES;
				CLANG_WARN_CONSTANT_CONVERSION = YES;
				CLANG_WARN_DEPRECATED_OBJC_IMPLEMENTATIONS = YES;
				CLANG_WARN_DIRECT_OBJC_ISA_USAGE = YES_ERROR;
				CLANG_WARN_DOCUMENTATION_COMMENTS = YES;
				CLANG_WARN_EMPTY_BODY = YES;
				CLANG_WARN_ENUM_CONVERSION = YES;
				CLANG_WARN_INFINITE_RECURSION = YES;
				CLANG_WARN_INT_CONVERSION = YES;
				CLANG_WARN_NON_LITERAL_NULL_CONVERSION = YES;
				CLANG_WARN_OBJC_IMPLICIT_RETAIN_SELF = YES;
				CLANG_WARN_OBJC_LITERAL_CONVERSION = YES;
				CLANG_WARN_OBJC_ROOT_CLASS = YES_ERROR;
				CLANG_WARN_RANGE_LOOP_ANALYSIS = YES;
				CLANG_WARN_STRICT_PROTOTYPES = YES;
				CLANG_WARN_SUSPICIOUS_MOVE = YES;
				CLANG_WARN_UNGUARDED_AVAILABILITY = YES_AGGRESSIVE;
				CLANG_WARN_UNREACHABLE_CODE = YES;
				CLANG_WARN__DUPLICATE_METHOD_MATCH = YES;
				CODE_SIGN_IDENTITY = "iPhone Developer";
				COPY_PHASE_STRIP = NO;
				DEBUG_INFORMATION_FORMAT = "dwarf-with-dsym";
				ENABLE_NS_ASSERTIONS = NO;
				ENABLE_STRICT_OBJC_MSGSEND = YES;
				GCC_C_LANGUAGE_STANDARD = gnu11;
				GCC_NO_COMMON_BLOCKS = YES;
				GCC_WARN_64_TO_32_BIT_CONVERSION = YES;
				GCC_WARN_ABOUT_RETURN_TYPE = YES_ERROR;
				GCC_WARN_UNDECLARED_SELECTOR = YES;
				GCC_WARN_UNINITIALIZED_AUTOS = YES_AGGRESSIVE;
				GCC_WARN_UNUSED_FUNCTION = YES;
				GCC_WARN_UNUSED_VARIABLE = YES;
				IPHONEOS_DEPLOYMENT_TARGET = 12.4;
				MTL_ENABLE_DEBUG_INFO = NO;
				MTL_FAST_MATH = YES;
				SDKROOT = iphoneos;
				SWIFT_COMPILATION_MODE = wholemodule;
				SWIFT_OPTIMIZATION_LEVEL = "-O";
				VALIDATE_PRODUCT = YES;
			};
			name = Release;
		};
		57BCEECD2305838A00E6BF8D /* Debug */ = {
			isa = XCBuildConfiguration;
			baseConfigurationReference = E418070991D8517F870CBC3E /* Pods-Todoey.debug.xcconfig */;
			buildSettings = {
				ASSETCATALOG_COMPILER_APPICON_NAME = AppIcon;
				CODE_SIGN_STYLE = Automatic;
				DEVELOPMENT_TEAM = CDJ4RL6V3L;
				INFOPLIST_FILE = Todoey/Info.plist;
				LD_RUNPATH_SEARCH_PATHS = (
					"$(inherited)",
					"@executable_path/Frameworks",
				);
				PRODUCT_BUNDLE_IDENTIFIER = com.tasya.Todoey;
				PRODUCT_NAME = "$(TARGET_NAME)";
				SWIFT_VERSION = 5.0;
				TARGETED_DEVICE_FAMILY = "1,2";
			};
			name = Debug;
		};
		57BCEECE2305838A00E6BF8D /* Release */ = {
			isa = XCBuildConfiguration;
			baseConfigurationReference = 92089B4123A8AF1629DE8107 /* Pods-Todoey.release.xcconfig */;
			buildSettings = {
				ASSETCATALOG_COMPILER_APPICON_NAME = AppIcon;
				CODE_SIGN_STYLE = Automatic;
				DEVELOPMENT_TEAM = CDJ4RL6V3L;
				INFOPLIST_FILE = Todoey/Info.plist;
				LD_RUNPATH_SEARCH_PATHS = (
					"$(inherited)",
					"@executable_path/Frameworks",
				);
				PRODUCT_BUNDLE_IDENTIFIER = com.tasya.Todoey;
				PRODUCT_NAME = "$(TARGET_NAME)";
				SWIFT_VERSION = 5.0;
				TARGETED_DEVICE_FAMILY = "1,2";
			};
			name = Release;
		};
/* End XCBuildConfiguration section */

/* Begin XCConfigurationList section */
		57BCEEB52305838800E6BF8D /* Build configuration list for PBXProject "Todoey" */ = {
			isa = XCConfigurationList;
			buildConfigurations = (
				57BCEECA2305838A00E6BF8D /* Debug */,
				57BCEECB2305838A00E6BF8D /* Release */,
			);
			defaultConfigurationIsVisible = 0;
			defaultConfigurationName = Release;
		};
		57BCEECC2305838A00E6BF8D /* Build configuration list for PBXNativeTarget "Todoey" */ = {
			isa = XCConfigurationList;
			buildConfigurations = (
				57BCEECD2305838A00E6BF8D /* Debug */,
				57BCEECE2305838A00E6BF8D /* Release */,
			);
			defaultConfigurationIsVisible = 0;
			defaultConfigurationName = Release;
		};
/* End XCConfigurationList section */

/* Begin XCVersionGroup section */
		57BCEEF62308A4DF00E6BF8D /* DataModel.xcdatamodeld */ = {
			isa = XCVersionGroup;
			children = (
				57BCEEF72308A4DF00E6BF8D /* DataModel.xcdatamodel */,
			);
			currentVersion = 57BCEEF72308A4DF00E6BF8D /* DataModel.xcdatamodel */;
			path = DataModel.xcdatamodeld;
			sourceTree = "<group>";
			versionGroupType = wrapper.xcdatamodel;
		};
/* End XCVersionGroup section */
	};
	rootObject = 57BCEEB22305838800E6BF8D /* Project object */;
}
